
Microsoft Visual Studio Solution File, Format Version 12.00
# Visual Studio Version 17
VisualStudioVersion = 17.7.34031.279
MinimumVisualStudioVersion = 10.0.40219.1
Project("{8BC9CEB8-8B4A-11D0-8D11-00A0C91BC942}") = "Engine", "Engine\Engine.vcxproj", "{F9553B38-2028-4BA1-862D-08E62ECF85D4}"
EndProject
Project("{8BC9CEB8-8B4A-11D0-8D11-00A0C91BC942}") = "Game", "Game\Game.vcxproj", "{E4C01CC8-BE0A-41E8-815E-2A7549FED458}"
EndProject
Global
	GlobalSection(SolutionConfigurationPlatforms) = preSolution
		Debug|x64 = Debug|x64
		Debug|x86 = Debug|x86
		Release|x64 = Release|x64
		Release|x86 = Release|x86
	EndGlobalSection
	GlobalSection(ProjectConfigurationPlatforms) = postSolution
		{F9553B38-2028-4BA1-862D-08E62ECF85D4}.Debug|x64.ActiveCfg = Debug|x64
		{F9553B38-2028-4BA1-862D-08E62ECF85D4}.Debug|x64.Build.0 = Debug|x64
		{F9553B38-2028-4BA1-862D-08E62ECF85D4}.Debug|x86.ActiveCfg = Debug|Win32
		{F9553B38-2028-4BA1-862D-08E62ECF85D4}.Debug|x86.Build.0 = Debug|Win32
		{F9553B38-2028-4BA1-862D-08E62ECF85D4}.Release|x64.ActiveCfg = Release|x64
		{F9553B38-2028-4BA1-862D-08E62ECF85D4}.Release|x64.Build.0 = Release|x64
		{F9553B38-2028-4BA1-862D-08E62ECF85D4}.Release|x86.ActiveCfg = Release|Win32
		{F9553B38-2028-4BA1-862D-08E62ECF85D4}.Release|x86.Build.0 = Release|Win32
		{E4C01CC8-BE0A-41E8-815E-2A7549FED458}.Debug|x64.ActiveCfg = Debug|x64
		{E4C01CC8-BE0A-41E8-815E-2A7549FED458}.Debug|x64.Build.0 = Debug|x64
		{E4C01CC8-BE0A-41E8-815E-2A7549FED458}.Debug|x86.ActiveCfg = Debug|Win32
		{E4C01CC8-BE0A-41E8-815E-2A7549FED458}.Debug|x86.Build.0 = Debug|Win32
		{E4C01CC8-BE0A-41E8-815E-2A7549FED458}.Release|x64.ActiveCfg = Release|x64
		{E4C01CC8-BE0A-41E8-815E-2A7549FED458}.Release|x64.Build.0 = Release|x64
		{E4C01CC8-BE0A-41E8-815E-2A7549FED458}.Release|x86.ActiveCfg = Release|Win32
		{E4C01CC8-BE0A-41E8-815E-2A7549FED458}.Release|x86.Build.0 = Release|Win32
	EndGlobalSection
	GlobalSection(SolutionProperties) = preSolution
		HideSolutionNode = FALSE
	EndGlobalSection
	GlobalSection(ExtensibilityGlobals) = postSolution
		SolutionGuid = {8E68A05A-BF95-439C-8DB5-5CDC3F7ED5D7}
	EndGlobalSection
EndGlobal
