<?xml version="1.0" encoding="utf-8"?>
<Project ToolsVersion="4.0" xmlns="http://schemas.microsoft.com/developer/msbuild/2003">
  <ItemGroup>
    <ClCompile Include="ComponentCamera.cpp" />
    <ClCompile Include="Component.cpp" />
    <ClCompile Include="ComponentCollider.cpp" />
    <ClCompile Include="ComponentScript.cpp" />
    <ClCompile Include="DDSTextureLoader.cpp" />
    <ClCompile Include="Engine.cpp" />
    <ClCompile Include="InputController.cpp" />
    <ClCompile Include="ComponentRenderMesh.cpp" />
    <ClCompile Include="GameTimer.cpp" />
    <ClCompile Include="InitApp.cpp" />
    <ClCompile Include="Utile.cpp" />
    <ClCompile Include="GameObject.cpp" />
  </ItemGroup>
  <ItemGroup>
    <ClInclude Include="ComponentCamera.h" />
    <ClInclude Include="Component.h" />
    <ClInclude Include="ComponentCollider.h" />
    <ClInclude Include="ComponentScript.h" />
    <ClInclude Include="d3dx12.h" />
    <ClInclude Include="DDSTextureLoader.h" />
    <ClInclude Include="Engine.h" />
    <ClInclude Include="framework.h" />
    <ClInclude Include="GameObject.h" />
    <ClInclude Include="InputController.h" />
    <ClInclude Include="ComponentRenderMesh.h" />
    <ClInclude Include="GameTimer.h" />
    <ClInclude Include="MathHelper.h" />
    <ClInclude Include="Resource.h" />
    <ClInclude Include="targetver.h" />
    <ClInclude Include="Utile.h" />
  </ItemGroup>
  <ItemGroup>
    <ResourceCompile Include="Engine.rc" />
  </ItemGroup>
  <ItemGroup>
    <Image Include="Engine.ico" />
    <Image Include="small.ico" />
  </ItemGroup>
  <ItemGroup>
    <Filter Include="Fichiers de ressources">
      <UniqueIdentifier>{f210c002-d302-44f1-8e5b-6fb29ceb716f}</UniqueIdentifier>
    </Filter>
    <Filter Include="Fichiers d%27en-tête">
      <UniqueIdentifier>{07b6ecbd-b789-4165-ba87-6dd312b80943}</UniqueIdentifier>
    </Filter>
    <Filter Include="Fichiers sources">
      <UniqueIdentifier>{0e424bde-8296-43da-9f9e-5e6fbfce3992}</UniqueIdentifier>
    </Filter>
  </ItemGroup>
</Project>